// !$*UTF8*$!
{
	archiveVersion = 1;
	classes = {
	};
	objectVersion = 46;
	objects = {

/* Begin PBXBuildFile section */
		76399C431C112C7500B4B402 /* AppDelegate.swift in Sources */ = {isa = PBXBuildFile; fileRef = 76399C421C112C7500B4B402 /* AppDelegate.swift */; };
		76399C451C112C7500B4B402 /* Assets.xcassets in Resources */ = {isa = PBXBuildFile; fileRef = 76399C441C112C7500B4B402 /* Assets.xcassets */; };
		76399C481C112C7500B4B402 /* MainMenu.xib in Resources */ = {isa = PBXBuildFile; fileRef = 76399C461C112C7500B4B402 /* MainMenu.xib */; };
		76399C501C112CF600B4B402 /* Macros.swift in Sources */ = {isa = PBXBuildFile; fileRef = 76399C4F1C112CF600B4B402 /* Macros.swift */; };
		76E0CFAC1C11C7EC00283BBA /* ScriptingBridge.framework in Frameworks */ = {isa = PBXBuildFile; fileRef = 76E0CFAB1C11C7EC00283BBA /* ScriptingBridge.framework */; };
		76E0CFAE1C11C7F300283BBA /* AVFoundation.framework in Frameworks */ = {isa = PBXBuildFile; fileRef = 76E0CFAD1C11C7F300283BBA /* AVFoundation.framework */; };
		76E0CFB01C11C80000283BBA /* QuartzCore.framework in Frameworks */ = {isa = PBXBuildFile; fileRef = 76E0CFAF1C11C80000283BBA /* QuartzCore.framework */; };
		76E0CFB81C11CF7100283BBA /* iTunesBridge.m in Sources */ = {isa = PBXBuildFile; fileRef = 76E0CFB71C11CF7100283BBA /* iTunesBridge.m */; };
		76E0CFC01C12DD2400283BBA /* LyricsLineModel.swift in Sources */ = {isa = PBXBuildFile; fileRef = 76E0CFBF1C12DD2400283BBA /* LyricsLineModel.swift */; };
		76E0CFC21C130E5200283BBA /* LyricsView.swift in Sources */ = {isa = PBXBuildFile; fileRef = 76E0CFC11C130E5200283BBA /* LyricsView.swift */; };
/* End PBXBuildFile section */

/* Begin PBXFileReference section */
		76399C3F1C112C7500B4B402 /* LrcMaker.app */ = {isa = PBXFileReference; explicitFileType = wrapper.application; includeInIndex = 0; path = LrcMaker.app; sourceTree = BUILT_PRODUCTS_DIR; };
		76399C421C112C7500B4B402 /* AppDelegate.swift */ = {isa = PBXFileReference; lastKnownFileType = sourcecode.swift; path = AppDelegate.swift; sourceTree = "<group>"; };
		76399C441C112C7500B4B402 /* Assets.xcassets */ = {isa = PBXFileReference; lastKnownFileType = folder.assetcatalog; path = Assets.xcassets; sourceTree = "<group>"; };
		76399C471C112C7500B4B402 /* Base */ = {isa = PBXFileReference; lastKnownFileType = file.xib; name = Base; path = Base.lproj/MainMenu.xib; sourceTree = "<group>"; };
		76399C491C112C7500B4B402 /* Info.plist */ = {isa = PBXFileReference; lastKnownFileType = text.plist.xml; path = Info.plist; sourceTree = "<group>"; };
		76399C4F1C112CF600B4B402 /* Macros.swift */ = {isa = PBXFileReference; fileEncoding = 4; lastKnownFileType = sourcecode.swift; path = Macros.swift; sourceTree = "<group>"; };
		76E0CFAB1C11C7EC00283BBA /* ScriptingBridge.framework */ = {isa = PBXFileReference; lastKnownFileType = wrapper.framework; name = ScriptingBridge.framework; path = System/Library/Frameworks/ScriptingBridge.framework; sourceTree = SDKROOT; };
		76E0CFAD1C11C7F300283BBA /* AVFoundation.framework */ = {isa = PBXFileReference; lastKnownFileType = wrapper.framework; name = AVFoundation.framework; path = System/Library/Frameworks/AVFoundation.framework; sourceTree = SDKROOT; };
		76E0CFAF1C11C80000283BBA /* QuartzCore.framework */ = {isa = PBXFileReference; lastKnownFileType = wrapper.framework; name = QuartzCore.framework; path = System/Library/Frameworks/QuartzCore.framework; sourceTree = SDKROOT; };
		76E0CFB41C11CF7000283BBA /* LrcMaker-Bridging-Header.h */ = {isa = PBXFileReference; lastKnownFileType = sourcecode.c.h; path = "LrcMaker-Bridging-Header.h"; sourceTree = "<group>"; };
		76E0CFB51C11CF7100283BBA /* iTunes.h */ = {isa = PBXFileReference; fileEncoding = 4; lastKnownFileType = sourcecode.c.h; path = iTunes.h; sourceTree = "<group>"; };
		76E0CFB61C11CF7100283BBA /* iTunesBridge.h */ = {isa = PBXFileReference; fileEncoding = 4; lastKnownFileType = sourcecode.c.h; path = iTunesBridge.h; sourceTree = "<group>"; };
		76E0CFB71C11CF7100283BBA /* iTunesBridge.m */ = {isa = PBXFileReference; fileEncoding = 4; lastKnownFileType = sourcecode.c.objc; path = iTunesBridge.m; sourceTree = "<group>"; };
		76E0CFBF1C12DD2400283BBA /* LyricsLineModel.swift */ = {isa = PBXFileReference; fileEncoding = 4; lastKnownFileType = sourcecode.swift; path = LyricsLineModel.swift; sourceTree = "<group>"; };
		76E0CFC11C130E5200283BBA /* LyricsView.swift */ = {isa = PBXFileReference; fileEncoding = 4; lastKnownFileType = sourcecode.swift; path = LyricsView.swift; sourceTree = "<group>"; };
/* End PBXFileReference section */

/* Begin PBXFrameworksBuildPhase section */
		76399C3C1C112C7500B4B402 /* Frameworks */ = {
			isa = PBXFrameworksBuildPhase;
			buildActionMask = 2147483647;
			files = (
				76E0CFB01C11C80000283BBA /* QuartzCore.framework in Frameworks */,
				76E0CFAE1C11C7F300283BBA /* AVFoundation.framework in Frameworks */,
				76E0CFAC1C11C7EC00283BBA /* ScriptingBridge.framework in Frameworks */,
			);
			runOnlyForDeploymentPostprocessing = 0;
		};
/* End PBXFrameworksBuildPhase section */

/* Begin PBXGroup section */
		76399C361C112C7500B4B402 = {
			isa = PBXGroup;
			children = (
				76399C411C112C7500B4B402 /* LrcMaker */,
				76399C401C112C7500B4B402 /* Products */,
			);
			sourceTree = "<group>";
		};
		76399C401C112C7500B4B402 /* Products */ = {
			isa = PBXGroup;
			children = (
				76399C3F1C112C7500B4B402 /* LrcMaker.app */,
			);
			name = Products;
			sourceTree = "<group>";
		};
		76399C411C112C7500B4B402 /* LrcMaker */ = {
			isa = PBXGroup;
			children = (
				76399C421C112C7500B4B402 /* AppDelegate.swift */,
				76E0CFBF1C12DD2400283BBA /* LyricsLineModel.swift */,
				76E0CFC11C130E5200283BBA /* LyricsView.swift */,
				76E0CFB61C11CF7100283BBA /* iTunesBridge.h */,
				76E0CFB71C11CF7100283BBA /* iTunesBridge.m */,
				76399C461C112C7500B4B402 /* MainMenu.xib */,
				76E0CFB91C11CF8E00283BBA /* Header */,
				76E0CFBA1C11CFB800283BBA /* Other */,
				76E0CFB11C11C80D00283BBA /* FrameWorks */,
			);
			path = LrcMaker;
			sourceTree = "<group>";
		};
		76E0CFB11C11C80D00283BBA /* FrameWorks */ = {
			isa = PBXGroup;
			children = (
				76E0CFAF1C11C80000283BBA /* QuartzCore.framework */,
				76E0CFAD1C11C7F300283BBA /* AVFoundation.framework */,
				76E0CFAB1C11C7EC00283BBA /* ScriptingBridge.framework */,
			);
			name = FrameWorks;
			sourceTree = "<group>";
		};
		76E0CFB91C11CF8E00283BBA /* Header */ = {
			isa = PBXGroup;
			children = (
				76E0CFB51C11CF7100283BBA /* iTunes.h */,
				76E0CFB41C11CF7000283BBA /* LrcMaker-Bridging-Header.h */,
			);
			name = Header;
			sourceTree = "<group>";
		};
		76E0CFBA1C11CFB800283BBA /* Other */ = {
			isa = PBXGroup;
			children = (
				76399C4F1C112CF600B4B402 /* Macros.swift */,
				76399C441C112C7500B4B402 /* Assets.xcassets */,
				76399C491C112C7500B4B402 /* Info.plist */,
			);
			name = Other;
			sourceTree = "<group>";
		};
/* End PBXGroup section */

/* Begin PBXNativeTarget section */
		76399C3E1C112C7500B4B402 /* LrcMaker */ = {
			isa = PBXNativeTarget;
			buildConfigurationList = 76399C4C1C112C7500B4B402 /* Build configuration list for PBXNativeTarget "LrcMaker" */;
			buildPhases = (
				76399C3B1C112C7500B4B402 /* Sources */,
				76399C3C1C112C7500B4B402 /* Frameworks */,
				76399C3D1C112C7500B4B402 /* Resources */,
			);
			buildRules = (
			);
			dependencies = (
			);
			name = LrcMaker;
			productName = LrcMaker;
			productReference = 76399C3F1C112C7500B4B402 /* LrcMaker.app */;
			productType = "com.apple.product-type.application";
		};
/* End PBXNativeTarget section */

/* Begin PBXProject section */
		76399C371C112C7500B4B402 /* Project object */ = {
			isa = PBXProject;
			attributes = {
				LastSwiftUpdateCheck = 0710;
				LastUpgradeCheck = 0710;
				ORGANIZATIONNAME = Eru;
				TargetAttributes = {
					76399C3E1C112C7500B4B402 = {
						CreatedOnToolsVersion = 7.1.1;
					};
				};
			};
			buildConfigurationList = 76399C3A1C112C7500B4B402 /* Build configuration list for PBXProject "LrcMaker" */;
			compatibilityVersion = "Xcode 3.2";
			developmentRegion = English;
			hasScannedForEncodings = 0;
			knownRegions = (
				en,
				Base,
			);
			mainGroup = 76399C361C112C7500B4B402;
			productRefGroup = 76399C401C112C7500B4B402 /* Products */;
			projectDirPath = "";
			projectRoot = "";
			targets = (
				76399C3E1C112C7500B4B402 /* LrcMaker */,
			);
		};
/* End PBXProject section */

/* Begin PBXResourcesBuildPhase section */
		76399C3D1C112C7500B4B402 /* Resources */ = {
			isa = PBXResourcesBuildPhase;
			buildActionMask = 2147483647;
			files = (
				76399C451C112C7500B4B402 /* Assets.xcassets in Resources */,
				76399C481C112C7500B4B402 /* MainMenu.xib in Resources */,
			);
			runOnlyForDeploymentPostprocessing = 0;
		};
/* End PBXResourcesBuildPhase section */

/* Begin PBXSourcesBuildPhase section */
		76399C3B1C112C7500B4B402 /* Sources */ = {
			isa = PBXSourcesBuildPhase;
			buildActionMask = 2147483647;
			files = (
				76E0CFC21C130E5200283BBA /* LyricsView.swift in Sources */,
				76E0CFB81C11CF7100283BBA /* iTunesBridge.m in Sources */,
				76399C501C112CF600B4B402 /* Macros.swift in Sources */,
				76399C431C112C7500B4B402 /* AppDelegate.swift in Sources */,
				76E0CFC01C12DD2400283BBA /* LyricsLineModel.swift in Sources */,
			);
			runOnlyForDeploymentPostprocessing = 0;
		};
/* End PBXSourcesBuildPhase section */

/* Begin PBXVariantGroup section */
		76399C461C112C7500B4B402 /* MainMenu.xib */ = {
			isa = PBXVariantGroup;
			children = (
				76399C471C112C7500B4B402 /* Base */,
			);
			name = MainMenu.xib;
			sourceTree = "<group>";
		};
/* End PBXVariantGroup section */

/* Begin XCBuildConfiguration section */
		76399C4A1C112C7500B4B402 /* Debug */ = {
			isa = XCBuildConfiguration;
			buildSettings = {
				ALWAYS_SEARCH_USER_PATHS = NO;
				CLANG_CXX_LANGUAGE_STANDARD = "gnu++0x";
				CLANG_CXX_LIBRARY = "libc++";
				CLANG_ENABLE_MODULES = YES;
				CLANG_ENABLE_OBJC_ARC = YES;
				CLANG_WARN_BOOL_CONVERSION = YES;
				CLANG_WARN_CONSTANT_CONVERSION = YES;
				CLANG_WARN_DIRECT_OBJC_ISA_USAGE = YES_ERROR;
				CLANG_WARN_EMPTY_BODY = YES;
				CLANG_WARN_ENUM_CONVERSION = YES;
				CLANG_WARN_INT_CONVERSION = YES;
				CLANG_WARN_OBJC_ROOT_CLASS = YES_ERROR;
				CLANG_WARN_UNREACHABLE_CODE = YES;
				CLANG_WARN__DUPLICATE_METHOD_MATCH = YES;
				CODE_SIGN_IDENTITY = "-";
				COPY_PHASE_STRIP = NO;
				DEBUG_INFORMATION_FORMAT = dwarf;
				ENABLE_STRICT_OBJC_MSGSEND = YES;
				ENABLE_TESTABILITY = YES;
				GCC_C_LANGUAGE_STANDARD = gnu99;
				GCC_DYNAMIC_NO_PIC = NO;
				GCC_NO_COMMON_BLOCKS = YES;
				GCC_OPTIMIZATION_LEVEL = 0;
				GCC_PREPROCESSOR_DEFINITIONS = (
					"DEBUG=1",
					"$(inherited)",
				);
				GCC_WARN_64_TO_32_BIT_CONVERSION = YES;
				GCC_WARN_ABOUT_RETURN_TYPE = YES_ERROR;
				GCC_WARN_UNDECLARED_SELECTOR = YES;
				GCC_WARN_UNINITIALIZED_AUTOS = YES_AGGRESSIVE;
				GCC_WARN_UNUSED_FUNCTION = YES;
				GCC_WARN_UNUSED_VARIABLE = YES;
				MACOSX_DEPLOYMENT_TARGET = 10.9;
				MTL_ENABLE_DEBUG_INFO = YES;
				ONLY_ACTIVE_ARCH = YES;
				SDKROOT = macosx;
				SWIFT_OPTIMIZATION_LEVEL = "-Onone";
			};
			name = Debug;
		};
		76399C4B1C112C7500B4B402 /* Release */ = {
			isa = XCBuildConfiguration;
			buildSettings = {
				ALWAYS_SEARCH_USER_PATHS = NO;
				CLANG_CXX_LANGUAGE_STANDARD = "gnu++0x";
				CLANG_CXX_LIBRARY = "libc++";
				CLANG_ENABLE_MODULES = YES;
				CLANG_ENABLE_OBJC_ARC = YES;
				CLANG_WARN_BOOL_CONVERSION = YES;
				CLANG_WARN_CONSTANT_CONVERSION = YES;
				CLANG_WARN_DIRECT_OBJC_ISA_USAGE = YES_ERROR;
				CLANG_WARN_EMPTY_BODY = YES;
				CLANG_WARN_ENUM_CONVERSION = YES;
				CLANG_WARN_INT_CONVERSION = YES;
				CLANG_WARN_OBJC_ROOT_CLASS = YES_ERROR;
				CLANG_WARN_UNREACHABLE_CODE = YES;
				CLANG_WARN__DUPLICATE_METHOD_MATCH = YES;
				CODE_SIGN_IDENTITY = "-";
				COPY_PHASE_STRIP = NO;
				DEBUG_INFORMATION_FORMAT = "dwarf-with-dsym";
				ENABLE_NS_ASSERTIONS = NO;
				ENABLE_STRICT_OBJC_MSGSEND = YES;
				GCC_C_LANGUAGE_STANDARD = gnu99;
				GCC_NO_COMMON_BLOCKS = YES;
				GCC_WARN_64_TO_32_BIT_CONVERSION = YES;
				GCC_WARN_ABOUT_RETURN_TYPE = YES_ERROR;
				GCC_WARN_UNDECLARED_SELECTOR = YES;
				GCC_WARN_UNINITIALIZED_AUTOS = YES_AGGRESSIVE;
				GCC_WARN_UNUSED_FUNCTION = YES;
				GCC_WARN_UNUSED_VARIABLE = YES;
				MACOSX_DEPLOYMENT_TARGET = 10.9;
				MTL_ENABLE_DEBUG_INFO = NO;
				SDKROOT = macosx;
			};
			name = Release;
		};
		76399C4D1C112C7500B4B402 /* Debug */ = {
			isa = XCBuildConfiguration;
			buildSettings = {
				ASSETCATALOG_COMPILER_APPICON_NAME = AppIcon;
				CLANG_ENABLE_MODULES = YES;
				COMBINE_HIDPI_IMAGES = YES;
				FRAMEWORK_SEARCH_PATHS = (
					"$(inherited)",
					"$(PROJECT_DIR)/LrcMaker",
				);
				INFOPLIST_FILE = LrcMaker/Info.plist;
				LD_RUNPATH_SEARCH_PATHS = "$(inherited) @executable_path/../Frameworks";
				MACOSX_DEPLOYMENT_TARGET = 10.9;
				OTHER_SWIFT_FLAGS = "-D DEBUG";
				PRODUCT_BUNDLE_IDENTIFIER = Eru.LrcMaker;
				PRODUCT_NAME = "$(TARGET_NAME)";
				SWIFT_OBJC_BRIDGING_HEADER = "LrcMaker/LrcMaker-Bridging-Header.h";
				SWIFT_OPTIMIZATION_LEVEL = "-Onone";
			};
			name = Debug;
		};
		76399C4E1C112C7500B4B402 /* Release */ = {
			isa = XCBuildConfiguration;
			buildSettings = {
				ASSETCATALOG_COMPILER_APPICON_NAME = AppIcon;
				CLANG_ENABLE_MODULES = YES;
				COMBINE_HIDPI_IMAGES = YES;
				FRAMEWORK_SEARCH_PATHS = (
					"$(inherited)",
					"$(PROJECT_DIR)/LrcMaker",
				);
				INFOPLIST_FILE = LrcMaker/Info.plist;
				LD_RUNPATH_SEARCH_PATHS = "$(inherited) @executable_path/../Frameworks";
				MACOSX_DEPLOYMENT_TARGET = 10.9;
				PRODUCT_BUNDLE_IDENTIFIER = Eru.LrcMaker;
				PRODUCT_NAME = "$(TARGET_NAME)";
				SWIFT_OBJC_BRIDGING_HEADER = "LrcMaker/LrcMaker-Bridging-Header.h";
			};
			name = Release;
		};
/* End XCBuildConfiguration section */

/* Begin XCConfigurationList section */
		76399C3A1C112C7500B4B402 /* Build configuration list for PBXProject "LrcMaker" */ = {
			isa = XCConfigurationList;
			buildConfigurations = (
				76399C4A1C112C7500B4B402 /* Debug */,
				76399C4B1C112C7500B4B402 /* Release */,
			);
			defaultConfigurationIsVisible = 0;
			defaultConfigurationName = Release;
		};
		76399C4C1C112C7500B4B402 /* Build configuration list for PBXNativeTarget "LrcMaker" */ = {
			isa = XCConfigurationList;
			buildConfigurations = (
				76399C4D1C112C7500B4B402 /* Debug */,
				76399C4E1C112C7500B4B402 /* Release */,
			);
			defaultConfigurationIsVisible = 0;
			defaultConfigurationName = Release;
		};
/* End XCConfigurationList section */
	};
	rootObject = 76399C371C112C7500B4B402 /* Project object */;
}
